
Microsoft Visual Studio Solution File, Format Version 12.00
# Visual Studio Version 17
VisualStudioVersion = 17.9.34723.18
MinimumVisualStudioVersion = 10.0.40219.1
Project("{888888A0-9F3D-457C-B088-3A5042F75D52}") = "Тема 2 - 2 python", "Тема 2 - 2 python\Тема 2 - 2 python.pyproj", "{6A0EEB1C-57BF-4DE5-A4FD-B3E74561F5C4}"
EndProject
Global
	GlobalSection(SolutionConfigurationPlatforms) = preSolution
		Debug|Any CPU = Debug|Any CPU
		Release|Any CPU = Release|Any CPU
	EndGlobalSection
	GlobalSection(ProjectConfigurationPlatforms) = postSolution
		{6A0EEB1C-57BF-4DE5-A4FD-B3E74561F5C4}.Debug|Any CPU.ActiveCfg = Debug|Any CPU
		{6A0EEB1C-57BF-4DE5-A4FD-B3E74561F5C4}.Release|Any CPU.ActiveCfg = Release|Any CPU
	EndGlobalSection
	GlobalSection(SolutionProperties) = preSolution
		HideSolutionNode = FALSE
	EndGlobalSection
	GlobalSection(ExtensibilityGlobals) = postSolution
		SolutionGuid = {5B1A34BC-8EA4-489F-AC53-BBD34A0CCDCE}
	EndGlobalSection
EndGlobal
